
Microsoft Visual Studio Solution File, Format Version 12.00
# Visual Studio Version 16
VisualStudioVersion = 16.0.29424.173
MinimumVisualStudioVersion = 10.0.40219.1
Project("{9A19103F-16F7-4668-BE54-9A1E7A4F7556}") = "WebAppOppg3", "WebAppOppg3\WebAppOppg3.csproj", "{418B3C5E-32F7-4188-8174-1A5B4CFF2ED1}"
EndProject
Project("{2150E333-8FDC-42A3-9474-1A3956D46DE8}") = "Solution Items", "Solution Items", "{E80269C7-8CDF-4B32-9DA4-F19BB91C4FD9}"
	ProjectSection(SolutionItems) = preProject
		README.txt = README.txt
	EndProjectSection
EndProject
Global
	GlobalSection(SolutionConfigurationPlatforms) = preSolution
		Debug|Any CPU = Debug|Any CPU
		Release|Any CPU = Release|Any CPU
	EndGlobalSection
	GlobalSection(ProjectConfigurationPlatforms) = postSolution
		{418B3C5E-32F7-4188-8174-1A5B4CFF2ED1}.Debug|Any CPU.ActiveCfg = Debug|Any CPU
		{418B3C5E-32F7-4188-8174-1A5B4CFF2ED1}.Debug|Any CPU.Build.0 = Debug|Any CPU
		{418B3C5E-32F7-4188-8174-1A5B4CFF2ED1}.Release|Any CPU.ActiveCfg = Release|Any CPU
		{418B3C5E-32F7-4188-8174-1A5B4CFF2ED1}.Release|Any CPU.Build.0 = Release|Any CPU
	EndGlobalSection
	GlobalSection(SolutionProperties) = preSolution
		HideSolutionNode = FALSE
	EndGlobalSection
	GlobalSection(ExtensibilityGlobals) = postSolution
		SolutionGuid = {11E72C43-4B59-43DB-AE92-8F25A37F23CF}
	EndGlobalSection
EndGlobal
